lockfileVersion: 5.3

specifiers:
  '@types/node': ^14.14.35
  '@types/rimraf': ^3.0.0
  chokidar: ^3.5.1
  commander: ^7.2.0
  cosmiconfig: ^7.0.0
  fs-extra: ^9.1.0
  globby: ^11.0.3
  lodash: ^4.17.21
  pify: ^5.0.0
  rimraf: ^3.0.2
  tar: ^6.1.0
  typescript: ^4.2.3

dependencies:
  chokidar: 3.5.1
  commander: 7.2.0
  cosmiconfig: 7.0.0
  fs-extra: 9.1.0
  globby: 11.0.3
  lodash: 4.17.21
  pify: 5.0.0
  rimraf: 3.0.2
  tar: 6.1.0

devDependencies:
  '@types/node': 14.14.35
  '@types/rimraf': 3.0.0
  typescript: 4.2.3

packages:

  /@babel/code-frame/7.12.13:
    resolution: {integrity: sha512-HV1Cm0Q3ZrpCR93tkWOYiuYIgLxZXZFVG2VgK+MBWjUqZTundupbfx2aXarXuw5Ko5aMcjtJgbSs4vUGBS5v6g==}
    dependencies:
      '@babel/highlight': 7.13.10
    dev: false

  /@babel/helper-validator-identifier/7.12.11:
    resolution: {integrity: sha512-np/lG3uARFybkoHokJUmf1QfEvRVCPbmQeUQpKow5cQ3xWrV9i3rUHodKDJPQfTVX61qKi+UdYk8kik84n7XOw==}
    dev: false

  /@babel/highlight/7.13.10:
    resolution: {integrity: sha512-5aPpe5XQPzflQrFwL1/QoeHkP2MsA4JCntcXHRhEsdsfPVkvPi2w7Qix4iV7t5S/oC9OodGrggd8aco1g3SZFg==}
    dependencies:
      '@babel/helper-validator-identifier': 7.12.11
      chalk: 2.4.2
      js-tokens: 4.0.0
    dev: false

  /@nodelib/fs.scandir/2.1.4:
    resolution: {integrity: sha512-33g3pMJk3bg5nXbL/+CY6I2eJDzZAni49PfJnL5fghPTggPvBd/pFNSgJsdAgWptuFu7qq/ERvOYFlhvsLTCKA==}
    engines: {node: '>= 8'}
    dependencies:
      '@nodelib/fs.stat': 2.0.4
      run-parallel: 1.2.0
    dev: false

  /@nodelib/fs.stat/2.0.4:
    resolution: {integrity: sha512-IYlHJA0clt2+Vg7bccq+TzRdJvv19c2INqBSsoOLp1je7xjtr7J26+WXR72MCdvU9q1qTzIWDfhMf+DRvQJK4Q==}
    engines: {node: '>= 8'}
    dev: false

  /@nodelib/fs.walk/1.2.6:
    resolution: {integrity: sha512-8Broas6vTtW4GIXTAHDoE32hnN2M5ykgCpWGbuXHQ15vEMqr23pB76e/GZcYsZCHALv50ktd24qhEyKr6wBtow==}
    engines: {node: '>= 8'}
    dependencies:
      '@nodelib/fs.scandir': 2.1.4
      fastq: 1.11.0
    dev: false

  /@types/glob/7.1.3:
    resolution: {integrity: sha512-SEYeGAIQIQX8NN6LDKprLjbrd5dARM5EXsd8GI/A5l0apYI1fGMWgPHSe4ZKL4eozlAyI+doUE9XbYS4xCkQ1w==}
    dependencies:
      '@types/minimatch': 3.0.4
      '@types/node': 14.14.35
    dev: true

  /@types/minimatch/3.0.4:
    resolution: {integrity: sha512-1z8k4wzFnNjVK/tlxvrWuK5WMt6mydWWP7+zvH5eFep4oj+UkrfiJTRtjCeBXNpwaA/FYqqtb4/QS4ianFpIRA==}
    dev: true

  /@types/node/14.14.35:
    resolution: {integrity: sha512-Lt+wj8NVPx0zUmUwumiVXapmaLUcAk3yPuHCFVXras9k5VT9TdhJqKqGVUQCD60OTMCl0qxJ57OiTL0Mic3Iag==}
    dev: true

  /@types/parse-json/4.0.0:
    resolution: {integrity: sha512-//oorEZjL6sbPcKUaCdIGlIUeH26mgzimjBB77G6XRgnDl/L5wOnpyBGRe/Mmf5CVW3PwEBE1NjiMZ/ssFh4wA==}
    dev: false

  /@types/rimraf/3.0.0:
    resolution: {integrity: sha512-7WhJ0MdpFgYQPXlF4Dx+DhgvlPCfz/x5mHaeDQAKhcenvQP1KCpLQ18JklAqeGMYSAT2PxLpzd0g2/HE7fj7hQ==}
    dependencies:
      '@types/glob': 7.1.3
      '@types/node': 14.14.35
    dev: true

  /ansi-styles/3.2.1:
    resolution: {integrity: sha512-VT0ZI6kZRdTh8YyJw3SMbYm/u+NqfsAxEpWO0Pf9sq8/e94WxxOpPKx9FR1FlyCtOVDNOQ+8ntlqFxiRc+r5qA==}
    engines: {node: '>=4'}
    dependencies:
      color-convert: 1.9.3
    dev: false

  /anymatch/3.1.1:
    resolution: {integrity: sha512-mM8522psRCqzV+6LhomX5wgp25YVibjh8Wj23I5RPkPppSVSjyKD2A2mBJmWGa+KN7f2D6LNh9jkBCeyLktzjg==}
    engines: {node: '>= 8'}
    dependencies:
      normalize-path: 3.0.0
      picomatch: 2.2.2
    dev: false

  /array-union/2.1.0:
    resolution: {integrity: sha512-HGyxoOTYUyCM6stUe6EJgnd4EoewAI7zMdfqO+kGjnlZmBDz/cR5pf8r/cR4Wq60sL/p0IkcjUEEPwS3GFrIyw==}
    engines: {node: '>=8'}
    dev: false

  /at-least-node/1.0.0:
    resolution: {integrity: sha512-+q/t7Ekv1EDY2l6Gda6LLiX14rU9TV20Wa3ofeQmwPFZbOMo9DXrLbOjFaaclkXKWidIaopwAObQDqwWtGUjqg==}
    engines: {node: '>= 4.0.0'}
    dev: false

  /balanced-match/1.0.0:
    resolution: {integrity: sha1-ibTRmasr7kneFk6gK4nORi1xt2c=}
    dev: false

  /binary-extensions/2.2.0:
    resolution: {integrity: sha512-jDctJ/IVQbZoJykoeHbhXpOlNBqGNcwXJKJog42E5HDPUwQTSdjCHdihjj0DlnheQ7blbT6dHOafNAiS8ooQKA==}
    engines: {node: '>=8'}
    dev: false

  /brace-expansion/1.1.11:
    resolution: {integrity: sha512-iCuPHDFgrHX7H2vEI/5xpz07zSHB00TpugqhmYtVmMO6518mCuRMoOYFldEBl0g187ufozdaHgWKcYFb61qGiA==}
    dependencies:
      balanced-match: 1.0.0
      concat-map: 0.0.1
    dev: false

  /braces/3.0.2:
    resolution: {integrity: sha512-b8um+L1RzM3WDSzvhm6gIz1yfTbBt6YTlcEKAvsmqCZZFw46z626lVj9j1yEPW33H5H+lBQpZMP1k8l+78Ha0A==}
    engines: {node: '>=8'}
    dependencies:
      fill-range: 7.0.1
    dev: false

  /callsites/3.1.0:
    resolution: {integrity: sha512-P8BjAsXvZS+VIDUI11hHCQEv74YT67YUi5JJFNWIqL235sBmjX4+qx9Muvls5ivyNENctx46xQLQ3aTuE7ssaQ==}
    engines: {node: '>=6'}
    dev: false

  /chalk/2.4.2:
    resolution: {integrity: sha512-Mti+f9lpJNcwF4tWV8/OrTTtF1gZi+f8FqlyAdouralcFWFQWF2+NgCHShjkCb+IFBLq9buZwE1xckQU4peSuQ==}
    engines: {node: '>=4'}
    dependencies:
      ansi-styles: 3.2.1
      escape-string-regexp: 1.0.5
      supports-color: 5.5.0
    dev: false

  /chokidar/3.5.1:
    resolution: {integrity: sha512-9+s+Od+W0VJJzawDma/gvBNQqkTiqYTWLuZoyAsivsI4AaWTCzHG06/TMjsf1cYe9Cb97UCEhjz7HvnPk2p/tw==}
    engines: {node: '>= 8.10.0'}
    dependencies:
      anymatch: 3.1.1
      braces: 3.0.2
      glob-parent: 5.1.2
      is-binary-path: 2.1.0
      is-glob: 4.0.1
      normalize-path: 3.0.0
      readdirp: 3.5.0
    optionalDependencies:
      fsevents: 2.3.2
    dev: false

  /chownr/2.0.0:
    resolution: {integrity: sha512-bIomtDF5KGpdogkLd9VspvFzk9KfpyyGlS8YFVZl7TGPBHL5snIOnxeshwVgPteQ9b4Eydl+pVbIyE1DcvCWgQ==}
    engines: {node: '>=10'}
    dev: false

  /color-convert/1.9.3:
    resolution: {integrity: sha512-QfAUtd+vFdAtFQcC8CCyYt1fYWxSqAiK2cSD6zDB8N3cpsEBAvRxp9zOGg6G/SHHJYAT88/az/IuDGALsNVbGg==}
    dependencies:
      color-name: 1.1.3
    dev: false

  /color-name/1.1.3:
    resolution: {integrity: sha1-p9BVi9icQveV3UIyj3QIMcpTvCU=}
    dev: false

  /commander/7.2.0:
    resolution: {integrity: sha512-QrWXB+ZQSVPmIWIhtEO9H+gwHaMGYiF5ChvoJ+K9ZGHG/sVsa6yiesAD1GC/x46sET00Xlwo1u49RVVVzvcSkw==}
    engines: {node: '>= 10'}
    dev: false

  /concat-map/0.0.1:
    resolution: {integrity: sha1-2Klr13/Wjfd5OnMDajug1UBdR3s=}
    dev: false

  /cosmiconfig/7.0.0:
    resolution: {integrity: sha512-pondGvTuVYDk++upghXJabWzL6Kxu6f26ljFw64Swq9v6sQPUL3EUlVDV56diOjpCayKihL6hVe8exIACU4XcA==}
    engines: {node: '>=10'}
    dependencies:
      '@types/parse-json': 4.0.0
      import-fresh: 3.3.0
      parse-json: 5.2.0
      path-type: 4.0.0
      yaml: 1.10.2
    dev: false

  /dir-glob/3.0.1:
    resolution: {integrity: sha512-WkrWp9GR4KXfKGYzOLmTuGVi1UWFfws377n9cc55/tb6DuqyF6pcQ5AbiHEshaDpY9v6oaSr2XCDidGmMwdzIA==}
    engines: {node: '>=8'}
    dependencies:
      path-type: 4.0.0
    dev: false

  /error-ex/1.3.2:
    resolution: {integrity: sha512-7dFHNmqeFSEt2ZBsCriorKnn3Z2pj+fd9kmI6QoWw4//DL+icEBfc0U7qJCisqrTsKTjw4fNFy2pW9OqStD84g==}
    dependencies:
      is-arrayish: 0.2.1
    dev: false

  /escape-string-regexp/1.0.5:
    resolution: {integrity: sha1-G2HAViGQqN/2rjuyzwIAyhMLhtQ=}
    engines: {node: '>=0.8.0'}
    dev: false

  /fast-glob/3.2.5:
    resolution: {integrity: sha512-2DtFcgT68wiTTiwZ2hNdJfcHNke9XOfnwmBRWXhmeKM8rF0TGwmC/Qto3S7RoZKp5cilZbxzO5iTNTQsJ+EeDg==}
    engines: {node: '>=8'}
    dependencies:
      '@nodelib/fs.stat': 2.0.4
      '@nodelib/fs.walk': 1.2.6
      glob-parent: 5.1.2
      merge2: 1.4.1
      micromatch: 4.0.2
      picomatch: 2.2.2
    dev: false

  /fastq/1.11.0:
    resolution: {integrity: sha512-7Eczs8gIPDrVzT+EksYBcupqMyxSHXXrHOLRRxU2/DicV8789MRBRR8+Hc2uWzUupOs4YS4JzBmBxjjCVBxD/g==}
    dependencies:
      reusify: 1.0.4
    dev: false

  /fill-range/7.0.1:
    resolution: {integrity: sha512-qOo9F+dMUmC2Lcb4BbVvnKJxTPjCm+RRpe4gDuGrzkL7mEVl/djYSu2OdQ2Pa302N4oqkSg9ir6jaLWJ2USVpQ==}
    engines: {node: '>=8'}
    dependencies:
      to-regex-range: 5.0.1
    dev: false

  /fs-extra/9.1.0:
    resolution: {integrity: sha512-hcg3ZmepS30/7BSFqRvoo3DOMQu7IjqxO5nCDt+zM9XWjb33Wg7ziNT+Qvqbuc3+gWpzO02JubVyk2G4Zvo1OQ==}
    engines: {node: '>=10'}
    dependencies:
      at-least-node: 1.0.0
      graceful-fs: 4.2.6
      jsonfile: 6.1.0
      universalify: 2.0.0
    dev: false

  /fs-minipass/2.1.0:
    resolution: {integrity: sha512-V/JgOLFCS+R6Vcq0slCuaeWEdNC3ouDlJMNIsacH2VtALiu9mV4LPrHc5cDl8k5aw6J8jwgWWpiTo5RYhmIzvg==}
    engines: {node: '>= 8'}
    dependencies:
      minipass: 3.1.3
    dev: false

  /fs.realpath/1.0.0:
    resolution: {integrity: sha1-FQStJSMVjKpA20onh8sBQRmU6k8=}
    dev: false

  /fsevents/2.3.2:
    resolution: {integrity: sha512-xiqMQR4xAeHTuB9uWm+fFRcIOgKBMiOBP+eXiyT7jsgVCq1bkVygt00oASowB7EdtpOHaaPgKt812P9ab+DDKA==}
    engines: {node: ^8.16.0 || ^10.6.0 || >=11.0.0}
    os: [darwin]
    dev: false
    optional: true

  /glob-parent/5.1.2:
    resolution: {integrity: sha512-AOIgSQCepiJYwP3ARnGx+5VnTu2HBYdzbGP45eLw1vr3zB3vZLeyed1sC9hnbcOc9/SrMyM5RPQrkGz4aS9Zow==}
    engines: {node: '>= 6'}
    dependencies:
      is-glob: 4.0.1
    dev: false

  /glob/7.1.6:
    resolution: {integrity: sha512-LwaxwyZ72Lk7vZINtNNrywX0ZuLyStrdDtabefZKAY5ZGJhVtgdznluResxNmPitE0SAO+O26sWTHeKSI2wMBA==}
    dependencies:
      fs.realpath: 1.0.0
      inflight: 1.0.6
      inherits: 2.0.4
      minimatch: 3.0.4
      once: 1.4.0
      path-is-absolute: 1.0.1
    dev: false

  /globby/11.0.3:
    resolution: {integrity: sha512-ffdmosjA807y7+lA1NM0jELARVmYul/715xiILEjo3hBLPTcirgQNnXECn5g3mtR8TOLCVbkfua1Hpen25/Xcg==}
    engines: {node: '>=10'}
    dependencies:
      array-union: 2.1.0
      dir-glob: 3.0.1
      fast-glob: 3.2.5
      ignore: 5.1.8
      merge2: 1.4.1
      slash: 3.0.0
    dev: false

  /graceful-fs/4.2.6:
    resolution: {integrity: sha512-nTnJ528pbqxYanhpDYsi4Rd8MAeaBA67+RZ10CM1m3bTAVFEDcd5AuA4a6W5YkGZ1iNXHzZz8T6TBKLeBuNriQ==}
    dev: false

  /has-flag/3.0.0:
    resolution: {integrity: sha1-tdRU3CGZriJWmfNGfloH87lVuv0=}
    engines: {node: '>=4'}
    dev: false

  /ignore/5.1.8:
    resolution: {integrity: sha512-BMpfD7PpiETpBl/A6S498BaIJ6Y/ABT93ETbby2fP00v4EbvPBXWEoaR1UBPKs3iR53pJY7EtZk5KACI57i1Uw==}
    engines: {node: '>= 4'}
    dev: false

  /import-fresh/3.3.0:
    resolution: {integrity: sha512-veYYhQa+D1QBKznvhUHxb8faxlrwUnxseDAbAp457E0wLNio2bOSKnjYDhMj+YiAq61xrMGhQk9iXVk5FzgQMw==}
    engines: {node: '>=6'}
    dependencies:
      parent-module: 1.0.1
      resolve-from: 4.0.0
    dev: false

  /inflight/1.0.6:
    resolution: {integrity: sha1-Sb1jMdfQLQwJvJEKEHW6gWW1bfk=}
    dependencies:
      once: 1.4.0
      wrappy: 1.0.2
    dev: false

  /inherits/2.0.4:
    resolution: {integrity: sha512-k/vGaX4/Yla3WzyMCvTQOXYeIHvqOKtnqBduzTHpzpQZzAskKMhZ2K+EnBiSM9zGSoIFeMpXKxa4dYeZIQqewQ==}
    dev: false

  /is-arrayish/0.2.1:
    resolution: {integrity: sha1-d8mYQFJ6qOyxqLppe4BkWnqSap0=}
    dev: false

  /is-binary-path/2.1.0:
    resolution: {integrity: sha512-ZMERYes6pDydyuGidse7OsHxtbI7WVeUEozgR/g7rd0xUimYNlvZRE/K2MgZTjWy725IfelLeVcEM97mmtRGXw==}
    engines: {node: '>=8'}
    dependencies:
      binary-extensions: 2.2.0
    dev: false

  /is-extglob/2.1.1:
    resolution: {integrity: sha1-qIwCU1eR8C7TfHahueqXc8gz+MI=}
    engines: {node: '>=0.10.0'}
    dev: false

  /is-glob/4.0.1:
    resolution: {integrity: sha512-5G0tKtBTFImOqDnLB2hG6Bp2qcKEFduo4tZu9MT/H6NQv/ghhy30o55ufafxJ/LdH79LLs2Kfrn85TLKyA7BUg==}
    engines: {node: '>=0.10.0'}
    dependencies:
      is-extglob: 2.1.1
    dev: false

  /is-number/7.0.0:
    resolution: {integrity: sha512-41Cifkg6e8TylSpdtTpeLVMqvSBEVzTttHvERD741+pnZ8ANv0004MRL43QKPDlK9cGvNp6NZWZUBlbGXYxxng==}
    engines: {node: '>=0.12.0'}
    dev: false

  /js-tokens/4.0.0:
    resolution: {integrity: sha512-RdJUflcE3cUzKiMqQgsCu06FPu9UdIJO0beYbPhHN4k6apgJtifcoCtT9bcxOpYBtpD2kCM6Sbzg4CausW/PKQ==}
    dev: false

  /json-parse-even-better-errors/2.3.1:
    resolution: {integrity: sha512-xyFwyhro/JEof6Ghe2iz2NcXoj2sloNsWr/XsERDK/oiPCfaNhl5ONfp+jQdAZRQQ0IJWNzH9zIZF7li91kh2w==}
    dev: false

  /jsonfile/6.1.0:
    resolution: {integrity: sha512-5dgndWOriYSm5cnYaJNhalLNDKOqFwyDB/rr1E9ZsGciGvKPs8R2xYGCacuf3z6K1YKDz182fd+fY3cn3pMqXQ==}
    dependencies:
      universalify: 2.0.0
    optionalDependencies:
      graceful-fs: 4.2.6
    dev: false

  /lines-and-columns/1.1.6:
    resolution: {integrity: sha1-HADHQ7QzzQpOgHWPe2SldEDZ/wA=}
    dev: false

  /lodash/4.17.21:
    resolution: {integrity: sha512-v2kDEe57lecTulaDIuNTPy3Ry4gLGJ6Z1O3vE1krgXZNrsQ+LFTGHVxVjcXPs17LhbZVGedAJv8XZ1tvj5FvSg==}
    dev: false

  /merge2/1.4.1:
    resolution: {integrity: sha512-8q7VEgMJW4J8tcfVPy8g09NcQwZdbwFEqhe/WZkoIzjn/3TGDwtOCYtXGxA3O8tPzpczCCDgv+P2P5y00ZJOOg==}
    engines: {node: '>= 8'}
    dev: false

  /micromatch/4.0.2:
    resolution: {integrity: sha512-y7FpHSbMUMoyPbYUSzO6PaZ6FyRnQOpHuKwbo1G+Knck95XVU4QAiKdGEnj5wwoS7PlOgthX/09u5iFJ+aYf5Q==}
    engines: {node: '>=8'}
    dependencies:
      braces: 3.0.2
      picomatch: 2.2.2
    dev: false

  /minimatch/3.0.4:
    resolution: {integrity: sha512-yJHVQEhyqPLUTgt9B83PXu6W3rx4MvvHvSUvToogpwoGDOUQ+yDrR0HRot+yOCdCO7u4hX3pWft6kWBBcqh0UA==}
    dependencies:
      brace-expansion: 1.1.11
    dev: false

  /minipass/3.1.3:
    resolution: {integrity: sha512-Mgd2GdMVzY+x3IJ+oHnVM+KG3lA5c8tnabyJKmHSaG2kAGpudxuOf8ToDkhumF7UzME7DecbQE9uOZhNm7PuJg==}
    engines: {node: '>=8'}
    dependencies:
      yallist: 4.0.0
    dev: false

  /minizlib/2.1.2:
    resolution: {integrity: sha512-bAxsR8BVfj60DWXHE3u30oHzfl4G7khkSuPW+qvpd7jFRHm7dLxOjUk1EHACJ/hxLY8phGJ0YhYHZo7jil7Qdg==}
    engines: {node: '>= 8'}
    dependencies:
      minipass: 3.1.3
      yallist: 4.0.0
    dev: false

  /mkdirp/1.0.4:
    resolution: {integrity: sha512-vVqVZQyf3WLx2Shd0qJ9xuvqgAyKPLAiqITEtqW0oIUjzo3PePDd6fW9iFz30ef7Ysp/oiWqbhszeGWW2T6Gzw==}
    engines: {node: '>=10'}
    hasBin: true
    dev: false

  /normalize-path/3.0.0:
    resolution: {integrity: sha512-6eZs5Ls3WtCisHWp9S2GUy8dqkpGi4BVSz3GaqiE6ezub0512ESztXUwUB6C6IKbQkY2Pnb/mD4WYojCRwcwLA==}
    engines: {node: '>=0.10.0'}
    dev: false

  /once/1.4.0:
    resolution: {integrity: sha1-WDsap3WWHUsROsF9nFC6753Xa9E=}
    dependencies:
      wrappy: 1.0.2
    dev: false

  /parent-module/1.0.1:
    resolution: {integrity: sha512-GQ2EWRpQV8/o+Aw8YqtfZZPfNRWZYkbidE9k5rpl/hC3vtHHBfGm2Ifi6qWV+coDGkrUKZAxE3Lot5kcsRlh+g==}
    engines: {node: '>=6'}
    dependencies:
      callsites: 3.1.0
    dev: false

  /parse-json/5.2.0:
    resolution: {integrity: sha512-ayCKvm/phCGxOkYRSCM82iDwct8/EonSEgCSxWxD7ve6jHggsFl4fZVQBPRNgQoKiuV/odhFrGzQXZwbifC8Rg==}
    engines: {node: '>=8'}
    dependencies:
      '@babel/code-frame': 7.12.13
      error-ex: 1.3.2
      json-parse-even-better-errors: 2.3.1
      lines-and-columns: 1.1.6
    dev: false

  /path-is-absolute/1.0.1:
    resolution: {integrity: sha1-F0uSaHNVNP+8es5r9TpanhtcX18=}
    engines: {node: '>=0.10.0'}
    dev: false

  /path-type/4.0.0:
    resolution: {integrity: sha512-gDKb8aZMDeD/tZWs9P6+q0J9Mwkdl6xMV8TjnGP3qJVJ06bdMgkbBlLU8IdfOsIsFz2BW1rNVT3XuNEl8zPAvw==}
    engines: {node: '>=8'}
    dev: false

  /picomatch/2.2.2:
    resolution: {integrity: sha512-q0M/9eZHzmr0AulXyPwNfZjtwZ/RBZlbN3K3CErVrk50T2ASYI7Bye0EvekFY3IP1Nt2DHu0re+V2ZHIpMkuWg==}
    engines: {node: '>=8.6'}
    dev: false

  /pify/5.0.0:
    resolution: {integrity: sha512-eW/gHNMlxdSP6dmG6uJip6FXN0EQBwm2clYYd8Wul42Cwu/DK8HEftzsapcNdYe2MfLiIwZqsDk2RDEsTE79hA==}
    engines: {node: '>=10'}
    dev: false

  /queue-microtask/1.2.3:
    resolution: {integrity: sha512-NuaNSa6flKT5JaSYQzJok04JzTL1CA6aGhv5rfLW3PgqA+M2ChpZQnAC8h8i4ZFkBS8X5RqkDBHA7r4hej3K9A==}
    dev: false

  /readdirp/3.5.0:
    resolution: {integrity: sha512-cMhu7c/8rdhkHXWsY+osBhfSy0JikwpHK/5+imo+LpeasTF8ouErHrlYkwT0++njiyuDvc7OFY5T3ukvZ8qmFQ==}
    engines: {node: '>=8.10.0'}
    dependencies:
      picomatch: 2.2.2
    dev: false

  /resolve-from/4.0.0:
    resolution: {integrity: sha512-pb/MYmXstAkysRFx8piNI1tGFNQIFA3vkE3Gq4EuA1dF6gHp/+vgZqsCGJapvy8N3Q+4o7FwvquPJcnZ7RYy4g==}
    engines: {node: '>=4'}
    dev: false

  /reusify/1.0.4:
    resolution: {integrity: sha512-U9nH88a3fc/ekCF1l0/UP1IosiuIjyTh7hBvXVMHYgVcfGvt897Xguj2UOLDeI5BG2m7/uwyaLVT6fbtCwTyzw==}
    engines: {iojs: '>=1.0.0', node: '>=0.10.0'}
    dev: false

  /rimraf/3.0.2:
    resolution: {integrity: sha512-JZkJMZkAGFFPP2YqXZXPbMlMBgsxzE8ILs4lMIX/2o0L9UBw9O/Y3o6wFw/i9YLapcUJWwqbi3kdxIPdC62TIA==}
    hasBin: true
    dependencies:
      glob: 7.1.6
    dev: false

  /run-parallel/1.2.0:
    resolution: {integrity: sha512-5l4VyZR86LZ/lDxZTR6jqL8AFE2S0IFLMP26AbjsLVADxHdhB/c0GUsH+y39UfCi3dzz8OlQuPmnaJOMoDHQBA==}
    dependencies:
      queue-microtask: 1.2.3
    dev: false

  /slash/3.0.0:
    resolution: {integrity: sha512-g9Q1haeby36OSStwb4ntCGGGaKsaVSjQ68fBxoQcutl5fS1vuY18H3wSt3jFyFtrkx+Kz0V1G85A4MyAdDMi2Q==}
    engines: {node: '>=8'}
    dev: false

  /supports-color/5.5.0:
    resolution: {integrity: sha512-QjVjwdXIt408MIiAqCX4oUKsgU2EqAGzs2Ppkm4aQYbjm+ZEWEcW4SfFNTr4uMNZma0ey4f5lgLrkB0aX0QMow==}
    engines: {node: '>=4'}
    dependencies:
      has-flag: 3.0.0
    dev: false

  /tar/6.1.0:
    resolution: {integrity: sha512-DUCttfhsnLCjwoDoFcI+B2iJgYa93vBnDUATYEeRx6sntCTdN01VnqsIuTlALXla/LWooNg0yEGeB+Y8WdFxGA==}
    engines: {node: '>= 10'}
    dependencies:
      chownr: 2.0.0
      fs-minipass: 2.1.0
      minipass: 3.1.3
      minizlib: 2.1.2
      mkdirp: 1.0.4
      yallist: 4.0.0
    dev: false

  /to-regex-range/5.0.1:
    resolution: {integrity: sha512-65P7iz6X5yEr1cwcgvQxbbIw7Uk3gOy5dIdtZ4rDveLqhrdJP+Li/Hx6tyK0NEb+2GCyneCMJiGqrADCSNk8sQ==}
    engines: {node: '>=8.0'}
    dependencies:
      is-number: 7.0.0
    dev: false

  /typescript/4.2.3:
    resolution: {integrity: sha512-qOcYwxaByStAWrBf4x0fibwZvMRG+r4cQoTjbPtUlrWjBHbmCAww1i448U0GJ+3cNNEtebDteo/cHOR3xJ4wEw==}
    engines: {node: '>=4.2.0'}
    hasBin: true
    dev: true

  /universalify/2.0.0:
    resolution: {integrity: sha512-hAZsKq7Yy11Zu1DE0OzWjw7nnLZmJZYTDZZyEFHZdUhV8FkH5MCfoU1XMaxXovpyW5nq5scPqq0ZDP9Zyl04oQ==}
    engines: {node: '>= 10.0.0'}
    dev: false

  /wrappy/1.0.2:
    resolution: {integrity: sha1-tSQ9jz7BqjXxNkYFvA0QNuMKtp8=}
    dev: false

  /yallist/4.0.0:
    resolution: {integrity: sha512-3wdGidZyq5PB084XLES5TpOSRA3wjXAlIWMhum2kRcv/41Sn2emQ0dycQW4uZXLejwKvg6EsvbdlVL+FYEct7A==}
    dev: false

  /yaml/1.10.2:
    resolution: {integrity: sha512-r3vXyErRCYJ7wg28yvBY5VSoAF8ZvlcW9/BwUzEtUsjvX/DKs24dIkuwjtuprwJJHsbyUbLApepYTR1BN4uHrg==}
    engines: {node: '>= 6'}
    dev: false
